// !$*UTF8*$!
{
	archiveVersion = 1;
	classes = {
	};
	objectVersion = 50;
	objects = {

/* Begin PBXBuildFile section */
		28F3304621D1FD0A00CAB89F /* AppDelegate.swift in Sources */ = {isa = PBXBuildFile; fileRef = 28F3304521D1FD0A00CAB89F /* AppDelegate.swift */; };
		28F3304821D1FD0A00CAB89F /* ViewController.swift in Sources */ = {isa = PBXBuildFile; fileRef = 28F3304721D1FD0A00CAB89F /* ViewController.swift */; };
		28F3304B21D1FD0A00CAB89F /* Main.storyboard in Resources */ = {isa = PBXBuildFile; fileRef = 28F3304921D1FD0A00CAB89F /* Main.storyboard */; };
		28F3304D21D1FD0D00CAB89F /* Assets.xcassets in Resources */ = {isa = PBXBuildFile; fileRef = 28F3304C21D1FD0D00CAB89F /* Assets.xcassets */; };
		28F3305021D1FD0D00CAB89F /* LaunchScreen.storyboard in Resources */ = {isa = PBXBuildFile; fileRef = 28F3304E21D1FD0D00CAB89F /* LaunchScreen.storyboard */; };
		28F3305821D20C3900CAB89F /* CalculatorScreenVC.swift in Sources */ = {isa = PBXBuildFile; fileRef = 28F3305721D20C3900CAB89F /* CalculatorScreenVC.swift */; };
		28F3305A21D221E300CAB89F /* MathematicsCalculation.swift in Sources */ = {isa = PBXBuildFile; fileRef = 28F3305921D221E300CAB89F /* MathematicsCalculation.swift */; };
/* End PBXBuildFile section */

/* Begin PBXFileReference section */
		28F3304221D1FD0A00CAB89F /* ARGCalculatorApp.app */ = {isa = PBXFileReference; explicitFileType = wrapper.application; includeInIndex = 0; path = ARGCalculatorApp.app; sourceTree = BUILT_PRODUCTS_DIR; };
		28F3304521D1FD0A00CAB89F /* AppDelegate.swift */ = {isa = PBXFileReference; lastKnownFileType = sourcecode.swift; path = AppDelegate.swift; sourceTree = "<group>"; };
		28F3304721D1FD0A00CAB89F /* ViewController.swift */ = {isa = PBXFileReference; lastKnownFileType = sourcecode.swift; path = ViewController.swift; sourceTree = "<group>"; };
		28F3304A21D1FD0A00CAB89F /* Base */ = {isa = PBXFileReference; lastKnownFileType = file.storyboard; name = Base; path = Base.lproj/Main.storyboard; sourceTree = "<group>"; };
		28F3304C21D1FD0D00CAB89F /* Assets.xcassets */ = {isa = PBXFileReference; lastKnownFileType = folder.assetcatalog; path = Assets.xcassets; sourceTree = "<group>"; };
		28F3304F21D1FD0D00CAB89F /* Base */ = {isa = PBXFileReference; lastKnownFileType = file.storyboard; name = Base; path = Base.lproj/LaunchScreen.storyboard; sourceTree = "<group>"; };
		28F3305121D1FD0D00CAB89F /* Info.plist */ = {isa = PBXFileReference; lastKnownFileType = text.plist.xml; path = Info.plist; sourceTree = "<group>"; };
		28F3305721D20C3900CAB89F /* CalculatorScreenVC.swift */ = {isa = PBXFileReference; lastKnownFileType = sourcecode.swift; path = CalculatorScreenVC.swift; sourceTree = "<group>"; };
		28F3305921D221E300CAB89F /* MathematicsCalculation.swift */ = {isa = PBXFileReference; lastKnownFileType = sourcecode.swift; path = MathematicsCalculation.swift; sourceTree = "<group>"; };
/* End PBXFileReference section */

/* Begin PBXFrameworksBuildPhase section */
		28F3303F21D1FD0A00CAB89F /* Frameworks */ = {
			isa = PBXFrameworksBuildPhase;
			buildActionMask = 2147483647;
			files = (
			);
			runOnlyForDeploymentPostprocessing = 0;
		};
/* End PBXFrameworksBuildPhase section */

/* Begin PBXGroup section */
		28F3303921D1FD0A00CAB89F = {
			isa = PBXGroup;
			children = (
				28F3304421D1FD0A00CAB89F /* ARGCalculatorApp */,
				28F3304321D1FD0A00CAB89F /* Products */,
			);
			sourceTree = "<group>";
		};
		28F3304321D1FD0A00CAB89F /* Products */ = {
			isa = PBXGroup;
			children = (
				28F3304221D1FD0A00CAB89F /* ARGCalculatorApp.app */,
			);
			name = Products;
			sourceTree = "<group>";
		};
		28F3304421D1FD0A00CAB89F /* ARGCalculatorApp */ = {
			isa = PBXGroup;
			children = (
				28F3304521D1FD0A00CAB89F /* AppDelegate.swift */,
				28F3304721D1FD0A00CAB89F /* ViewController.swift */,
				28F3304921D1FD0A00CAB89F /* Main.storyboard */,
				28F3305721D20C3900CAB89F /* CalculatorScreenVC.swift */,
				28F3305921D221E300CAB89F /* MathematicsCalculation.swift */,
				28F3304C21D1FD0D00CAB89F /* Assets.xcassets */,
				28F3304E21D1FD0D00CAB89F /* LaunchScreen.storyboard */,
				28F3305121D1FD0D00CAB89F /* Info.plist */,
			);
			path = ARGCalculatorApp;
			sourceTree = "<group>";
		};
/* End PBXGroup section */

/* Begin PBXNativeTarget section */
		28F3304121D1FD0A00CAB89F /* ARGCalculatorApp */ = {
			isa = PBXNativeTarget;
			buildConfigurationList = 28F3305421D1FD0D00CAB89F /* Build configuration list for PBXNativeTarget "ARGCalculatorApp" */;
			buildPhases = (
				28F3303E21D1FD0A00CAB89F /* Sources */,
				28F3303F21D1FD0A00CAB89F /* Frameworks */,
				28F3304021D1FD0A00CAB89F /* Resources */,
			);
			buildRules = (
			);
			dependencies = (
			);
			name = ARGCalculatorApp;
			productName = ARGCalculatorApp;
			productReference = 28F3304221D1FD0A00CAB89F /* ARGCalculatorApp.app */;
			productType = "com.apple.product-type.application";
		};
/* End PBXNativeTarget section */

/* Begin PBXProject section */
		28F3303A21D1FD0A00CAB89F /* Project object */ = {
			isa = PBXProject;
			attributes = {
				LastSwiftUpdateCheck = 1010;
				LastUpgradeCheck = 1010;
				ORGANIZATIONNAME = GeekGuns;
				TargetAttributes = {
					28F3304121D1FD0A00CAB89F = {
						CreatedOnToolsVersion = 10.1;
					};
				};
			};
			buildConfigurationList = 28F3303D21D1FD0A00CAB89F /* Build configuration list for PBXProject "ARGCalculatorApp" */;
			compatibilityVersion = "Xcode 9.3";
			developmentRegion = en;
			hasScannedForEncodings = 0;
			knownRegions = (
				en,
				Base,
			);
			mainGroup = 28F3303921D1FD0A00CAB89F;
			productRefGroup = 28F3304321D1FD0A00CAB89F /* Products */;
			projectDirPath = "";
			projectRoot = "";
			targets = (
				28F3304121D1FD0A00CAB89F /* ARGCalculatorApp */,
			);
		};
/* End PBXProject section */

/* Begin PBXResourcesBuildPhase section */
		28F3304021D1FD0A00CAB89F /* Resources */ = {
			isa = PBXResourcesBuildPhase;
			buildActionMask = 2147483647;
			files = (
				28F3305021D1FD0D00CAB89F /* LaunchScreen.storyboard in Resources */,
				28F3304D21D1FD0D00CAB89F /* Assets.xcassets in Resources */,
				28F3304B21D1FD0A00CAB89F /* Main.storyboard in Resources */,
			);
			runOnlyForDeploymentPostprocessing = 0;
		};
/* End PBXResourcesBuildPhase section */

/* Begin PBXSourcesBuildPhase section */
		28F3303E21D1FD0A00CAB89F /* Sources */ = {
			isa = PBXSourcesBuildPhase;
			buildActionMask = 2147483647;
			files = (
				28F3305821D20C3900CAB89F /* CalculatorScreenVC.swift in Sources */,
				28F3304821D1FD0A00CAB89F /* ViewController.swift in Sources */,
				28F3305A21D221E300CAB89F /* MathematicsCalculation.swift in Sources */,
				28F3304621D1FD0A00CAB89F /* AppDelegate.swift in Sources */,
			);
			runOnlyForDeploymentPostprocessing = 0;
		};
/* End PBXSourcesBuildPhase section */

/* Begin PBXVariantGroup section */
		28F3304921D1FD0A00CAB89F /* Main.storyboard */ = {
			isa = PBXVariantGroup;
			children = (
				28F3304A21D1FD0A00CAB89F /* Base */,
			);
			name = Main.storyboard;
			sourceTree = "<group>";
		};
		28F3304E21D1FD0D00CAB89F /* LaunchScreen.storyboard */ = {
			isa = PBXVariantGroup;
			children = (
				28F3304F21D1FD0D00CAB89F /* Base */,
			);
			name = LaunchScreen.storyboard;
			sourceTree = "<group>";
		};
/* End PBXVariantGroup section */

/* Begin XCBuildConfiguration section */
		28F3305221D1FD0D00CAB89F /* Debug */ = {
			isa = XCBuildConfiguration;
			buildSettings = {
				ALWAYS_SEARCH_USER_PATHS = NO;
				CLANG_ANALYZER_NONNULL = YES;
				CLANG_ANALYZER_NUMBER_OBJECT_CONVERSION = YES_AGGRESSIVE;
				CLANG_CXX_LANGUAGE_STANDARD = "gnu++14";
				CLANG_CXX_LIBRARY = "libc++";
				CLANG_ENABLE_MODULES = YES;
				CLANG_ENABLE_OBJC_ARC = YES;
				CLANG_ENABLE_OBJC_WEAK = YES;
				CLANG_WARN_BLOCK_CAPTURE_AUTORELEASING = YES;
				CLANG_WARN_BOOL_CONVERSION = YES;
				CLANG_WARN_COMMA = YES;
				CLANG_WARN_CONSTANT_CONVERSION = YES;
				CLANG_WARN_DEPRECATED_OBJC_IMPLEMENTATIONS = YES;
				CLANG_WARN_DIRECT_OBJC_ISA_USAGE = YES_ERROR;
				CLANG_WARN_DOCUMENTATION_COMMENTS = YES;
				CLANG_WARN_EMPTY_BODY = YES;
				CLANG_WARN_ENUM_CONVERSION = YES;
				CLANG_WARN_INFINITE_RECURSION = YES;
				CLANG_WARN_INT_CONVERSION = YES;
				CLANG_WARN_NON_LITERAL_NULL_CONVERSION = YES;
				CLANG_WARN_OBJC_IMPLICIT_RETAIN_SELF = YES;
				CLANG_WARN_OBJC_LITERAL_CONVERSION = YES;
				CLANG_WARN_OBJC_ROOT_CLASS = YES_ERROR;
				CLANG_WARN_RANGE_LOOP_ANALYSIS = YES;
				CLANG_WARN_STRICT_PROTOTYPES = YES;
				CLANG_WARN_SUSPICIOUS_MOVE = YES;
				CLANG_WARN_UNGUARDED_AVAILABILITY = YES_AGGRESSIVE;
				CLANG_WARN_UNREACHABLE_CODE = YES;
				CLANG_WARN__DUPLICATE_METHOD_MATCH = YES;
				CODE_SIGN_IDENTITY = "iPhone Developer";
				COPY_PHASE_STRIP = NO;
				DEBUG_INFORMATION_FORMAT = dwarf;
				ENABLE_STRICT_OBJC_MSGSEND = YES;
				ENABLE_TESTABILITY = YES;
				GCC_C_LANGUAGE_STANDARD = gnu11;
				GCC_DYNAMIC_NO_PIC = NO;
				GCC_NO_COMMON_BLOCKS = YES;
				GCC_OPTIMIZATION_LEVEL = 0;
				GCC_PREPROCESSOR_DEFINITIONS = (
					"DEBUG=1",
					"$(inherited)",
				);
				GCC_WARN_64_TO_32_BIT_CONVERSION = YES;
				GCC_WARN_ABOUT_RETURN_TYPE = YES_ERROR;
				GCC_WARN_UNDECLARED_SELECTOR = YES;
				GCC_WARN_UNINITIALIZED_AUTOS = YES_AGGRESSIVE;
				GCC_WARN_UNUSED_FUNCTION = YES;
				GCC_WARN_UNUSED_VARIABLE = YES;
				IPHONEOS_DEPLOYMENT_TARGET = 12.1;
				MTL_ENABLE_DEBUG_INFO = INCLUDE_SOURCE;
				MTL_FAST_MATH = YES;
				ONLY_ACTIVE_ARCH = YES;
				SDKROOT = iphoneos;
				SWIFT_ACTIVE_COMPILATION_CONDITIONS = DEBUG;
				SWIFT_OPTIMIZATION_LEVEL = "-Onone";
			};
			name = Debug;
		};
		28F3305321D1FD0D00CAB89F /* Release */ = {
			isa = XCBuildConfiguration;
			buildSettings = {
				ALWAYS_SEARCH_USER_PATHS = NO;
				CLANG_ANALYZER_NONNULL = YES;
				CLANG_ANALYZER_NUMBER_OBJECT_CONVERSION = YES_AGGRESSIVE;
				CLANG_CXX_LANGUAGE_STANDARD = "gnu++14";
				CLANG_CXX_LIBRARY = "libc++";
				CLANG_ENABLE_MODULES = YES;
				CLANG_ENABLE_OBJC_ARC = YES;
				CLANG_ENABLE_OBJC_WEAK = YES;
				CLANG_WARN_BLOCK_CAPTURE_AUTORELEASING = YES;
				CLANG_WARN_BOOL_CONVERSION = YES;
				CLANG_WARN_COMMA = YES;
				CLANG_WARN_CONSTANT_CONVERSION = YES;
				CLANG_WARN_DEPRECATED_OBJC_IMPLEMENTATIONS = YES;
				CLANG_WARN_DIRECT_OBJC_ISA_USAGE = YES_ERROR;
				CLANG_WARN_DOCUMENTATION_COMMENTS = YES;
				CLANG_WARN_EMPTY_BODY = YES;
				CLANG_WARN_ENUM_CONVERSION = YES;
				CLANG_WARN_INFINITE_RECURSION = YES;
				CLANG_WARN_INT_CONVERSION = YES;
				CLANG_WARN_NON_LITERAL_NULL_CONVERSION = YES;
				CLANG_WARN_OBJC_IMPLICIT_RETAIN_SELF = YES;
				CLANG_WARN_OBJC_LITERAL_CONVERSION = YES;
				CLANG_WARN_OBJC_ROOT_CLASS = YES_ERROR;
				CLANG_WARN_RANGE_LOOP_ANALYSIS = YES;
				CLANG_WARN_STRICT_PROTOTYPES = YES;
				CLANG_WARN_SUSPICIOUS_MOVE = YES;
				CLANG_WARN_UNGUARDED_AVAILABILITY = YES_AGGRESSIVE;
				CLANG_WARN_UNREACHABLE_CODE = YES;
				CLANG_WARN__DUPLICATE_METHOD_MATCH = YES;
				CODE_SIGN_IDENTITY = "iPhone Developer";
				COPY_PHASE_STRIP = NO;
				DEBUG_INFORMATION_FORMAT = "dwarf-with-dsym";
				ENABLE_NS_ASSERTIONS = NO;
				ENABLE_STRICT_OBJC_MSGSEND = YES;
				GCC_C_LANGUAGE_STANDARD = gnu11;
				GCC_NO_COMMON_BLOCKS = YES;
				GCC_WARN_64_TO_32_BIT_CONVERSION = YES;
				GCC_WARN_ABOUT_RETURN_TYPE = YES_ERROR;
				GCC_WARN_UNDECLARED_SELECTOR = YES;
				GCC_WARN_UNINITIALIZED_AUTOS = YES_AGGRESSIVE;
				GCC_WARN_UNUSED_FUNCTION = YES;
				GCC_WARN_UNUSED_VARIABLE = YES;
				IPHONEOS_DEPLOYMENT_TARGET = 12.1;
				MTL_ENABLE_DEBUG_INFO = NO;
				MTL_FAST_MATH = YES;
				SDKROOT = iphoneos;
				SWIFT_COMPILATION_MODE = wholemodule;
				SWIFT_OPTIMIZATION_LEVEL = "-O";
				VALIDATE_PRODUCT = YES;
			};
			name = Release;
		};
		28F3305521D1FD0D00CAB89F /* Debug */ = {
			isa = XCBuildConfiguration;
			buildSettings = {
				ASSETCATALOG_COMPILER_APPICON_NAME = AppIcon;
				CODE_SIGN_STYLE = Automatic;
				DEVELOPMENT_TEAM = ZU5GR4FRVD;
				INFOPLIST_FILE = ARGCalculatorApp/Info.plist;
				LD_RUNPATH_SEARCH_PATHS = (
					"$(inherited)",
					"@executable_path/Frameworks",
				);
				PRODUCT_BUNDLE_IDENTIFIER = com.GeekGuns.ARGCalculatorApp;
				PRODUCT_NAME = "$(TARGET_NAME)";
				SWIFT_VERSION = 4.2;
				TARGETED_DEVICE_FAMILY = "1,2";
			};
			name = Debug;
		};
		28F3305621D1FD0D00CAB89F /* Release */ = {
			isa = XCBuildConfiguration;
			buildSettings = {
				ASSETCATALOG_COMPILER_APPICON_NAME = AppIcon;
				CODE_SIGN_STYLE = Automatic;
				DEVELOPMENT_TEAM = ZU5GR4FRVD;
				INFOPLIST_FILE = ARGCalculatorApp/Info.plist;
				LD_RUNPATH_SEARCH_PATHS = (
					"$(inherited)",
					"@executable_path/Frameworks",
				);
				PRODUCT_BUNDLE_IDENTIFIER = com.GeekGuns.ARGCalculatorApp;
				PRODUCT_NAME = "$(TARGET_NAME)";
				SWIFT_VERSION = 4.2;
				TARGETED_DEVICE_FAMILY = "1,2";
			};
			name = Release;
		};
/* End XCBuildConfiguration section */

/* Begin XCConfigurationList section */
		28F3303D21D1FD0A00CAB89F /* Build configuration list for PBXProject "ARGCalculatorApp" */ = {
			isa = XCConfigurationList;
			buildConfigurations = (
				28F3305221D1FD0D00CAB89F /* Debug */,
				28F3305321D1FD0D00CAB89F /* Release */,
			);
			defaultConfigurationIsVisible = 0;
			defaultConfigurationName = Release;
		};
		28F3305421D1FD0D00CAB89F /* Build configuration list for PBXNativeTarget "ARGCalculatorApp" */ = {
			isa = XCConfigurationList;
			buildConfigurations = (
				28F3305521D1FD0D00CAB89F /* Debug */,
				28F3305621D1FD0D00CAB89F /* Release */,
			);
			defaultConfigurationIsVisible = 0;
			defaultConfigurationName = Release;
		};
/* End XCConfigurationList section */
	};
	rootObject = 28F3303A21D1FD0A00CAB89F /* Project object */;
}
